
Microsoft Visual Studio Solution File, Format Version 12.00
# Visual Studio Version 17
VisualStudioVersion = 17.3.32922.545
MinimumVisualStudioVersion = 10.0.40219.1
Project("{9A19103F-16F7-4668-BE54-9A1E7A4F7556}") = "Pure.Utilities", "Engine\Pure.Utilities\Pure.Utilities.csproj", "{E892F7D5-7811-40EC-9A8B-6F0889AFB98E}"
EndProject
Project("{9A19103F-16F7-4668-BE54-9A1E7A4F7556}") = "Pure.UserInterface", "Engine\Pure.UserInterface\Pure.UserInterface.csproj", "{3A2602AA-081E-47E2-89E1-610CA6C15367}"
EndProject
Project("{9A19103F-16F7-4668-BE54-9A1E7A4F7556}") = "Pure.Collision", "Engine\Pure.Collision\Pure.Collision.csproj", "{0E0E2311-B5DE-4ED8-9353-29E33BCFF912}"
EndProject
Project("{9A19103F-16F7-4668-BE54-9A1E7A4F7556}") = "Pure.Animation", "Engine\Pure.Animation\Pure.Animation.csproj", "{B86DAEB4-ADFA-4808-8C5C-4354C0D03B6F}"
EndProject
Project("{9A19103F-16F7-4668-BE54-9A1E7A4F7556}") = "Pure.Tilemap", "Engine\Pure.Tilemap\Pure.Tilemap.csproj", "{E10DCE19-23F2-4CB0-89E5-1254144DE690}"
EndProject
Project("{9A19103F-16F7-4668-BE54-9A1E7A4F7556}") = "Pure.Storage", "Engine\Pure.Storage\Pure.Storage.csproj", "{91635CA2-C003-4DB0-8143-B0BF0924DDAB}"
EndProject
Project("{9A19103F-16F7-4668-BE54-9A1E7A4F7556}") = "Pure.Audio", "Engine\Pure.Audio\Pure.Audio.csproj", "{09AA518A-1AA0-4198-9478-893E3DF05855}"
EndProject
Project("{9A19103F-16F7-4668-BE54-9A1E7A4F7556}") = "Pure.Window", "Engine\Pure.Window\Pure.Window.csproj", "{91B7A7E7-A9D4-4BEC-9419-88B356F28C52}"
EndProject
Project("{9A19103F-16F7-4668-BE54-9A1E7A4F7556}") = "Pure.Particles", "Engine\Pure.Particles\Pure.Particles.csproj", "{4D12C66C-1D47-4EDE-A380-75326E12FEBB}"
EndProject
Project("{9A19103F-16F7-4668-BE54-9A1E7A4F7556}") = "Pure.LocalAreaNetwork", "Engine\Pure.LocalAreaNetwork\Pure.LocalAreaNetwork.csproj", "{46834276-33C0-4687-AC41-883F98118246}"
EndProject
Project("{FAE04EC0-301F-11D3-BF4B-00C04F79EFBC}") = "EditorUserInterface", "Editors\EditorUserInterface\EditorUserInterface.csproj", "{3E733970-E290-4636-B9BC-A28A298DA403}"
EndProject
Project("{2150E333-8FDC-42A3-9474-1A3956D46DE8}") = "Engine", "Engine", "{A8122EE6-919B-43EB-842D-D157ACF49736}"
EndProject
Project("{2150E333-8FDC-42A3-9474-1A3956D46DE8}") = "Editors", "Editors", "{78311EB2-800C-49FB-AFDA-990722D71613}"
EndProject
Project("{2150E333-8FDC-42A3-9474-1A3956D46DE8}") = "Examples", "Examples", "{A08B8B6D-B9DC-414E-A40A-87AB5BC439D1}"
EndProject
Project("{FAE04EC0-301F-11D3-BF4B-00C04F79EFBC}") = "ExamplesUserInterface", "Examples\ExamplesUserInterface\ExamplesUserInterface.csproj", "{3EA16102-CC34-435E-B4C1-8A8F40BB6BDA}"
EndProject
Project("{FAE04EC0-301F-11D3-BF4B-00C04F79EFBC}") = "ExampleSystems", "Examples\ExampleSystems\ExampleSystems.csproj", "{1FAF4CBC-051E-48BF-886D-2BD0B4433270}"
EndProject
Project("{FAE04EC0-301F-11D3-BF4B-00C04F79EFBC}") = "ExamplesApplications", "Examples\ExamplesApplications\ExamplesApplications.csproj", "{8DB34788-CD0C-4CDC-9F62-5DC7BCD5987B}"
EndProject
Project("{FAE04EC0-301F-11D3-BF4B-00C04F79EFBC}") = "Run", "Run\Run.csproj", "{FA0C1689-C04C-444E-846F-94AC2E748FBC}"
EndProject
Project("{2150E333-8FDC-42A3-9474-1A3956D46DE8}") = "Tools", "Tools", "{4AC51807-EF05-4EBE-8687-02D7E795F9DF}"
EndProject
Project("{FAE04EC0-301F-11D3-BF4B-00C04F79EFBC}") = "Tilemapper", "Tools\Tilemapper\Tilemapper.csproj", "{10B8A18F-9D0A-402D-BDE1-F18951220239}"
EndProject
Project("{FAE04EC0-301F-11D3-BF4B-00C04F79EFBC}") = "EditorMap", "Editors\EditorMap\EditorMap.csproj", "{10CE6E3E-4CC5-4C6B-905A-6691C8949391}"
EndProject
Project("{FAE04EC0-301F-11D3-BF4B-00C04F79EFBC}") = "EditorBase", "Editors\EditorBase\EditorBase.csproj", "{D107BDEB-B26B-4C33-BC13-112B55BB02B1}"
EndProject
Project("{FAE04EC0-301F-11D3-BF4B-00C04F79EFBC}") = "TiledLoader", "Tools\TiledLoader\TiledLoader.csproj", "{4EC3003B-BFD8-4321-B8DE-0F11002662C0}"
EndProject
Project("{FAE04EC0-301F-11D3-BF4B-00C04F79EFBC}") = "Pure.Pathfinding", "Engine\Pure.Pathfinding\Pure.Pathfinding.csproj", "{20C377CD-FB66-4C04-9DAA-54812C63912B}"
EndProject
Project("{FAE04EC0-301F-11D3-BF4B-00C04F79EFBC}") = "EditorCollision", "Editors\EditorCollision\EditorCollision.csproj", "{E7EF5EAB-28BF-485A-9D2E-9757EDC545F2}"
EndProject
Project("{FAE04EC0-301F-11D3-BF4B-00C04F79EFBC}") = "EditorStorage", "Editors\EditorStorage\EditorStorage.csproj", "{972E9BE4-83EE-4D0D-B172-673697BCD0CE}"
EndProject
Project("{FAE04EC0-301F-11D3-BF4B-00C04F79EFBC}") = "Pure.Execution", "Engine\Pure.Execution\Pure.Execution.csproj", "{7015866F-5374-4B0A-8B73-F48CE149F070}"
EndProject
Project("{2150E333-8FDC-42A3-9474-1A3956D46DE8}") = "Games", "Games", "{6ECD2A82-274D-499A-A2B8-AA3E90717BC4}"
EndProject
Project("{FAE04EC0-301F-11D3-BF4B-00C04F79EFBC}") = "Supremacy1257", "Games\Supremacy1257\Supremacy1257.csproj", "{F06A182F-E632-4476-BA8C-7B47B0E4CDE4}"
EndProject
Global
	GlobalSection(SolutionConfigurationPlatforms) = preSolution
		Debug|Any CPU = Debug|Any CPU
		Release|Any CPU = Release|Any CPU
	EndGlobalSection
	GlobalSection(ProjectConfigurationPlatforms) = postSolution
		{E892F7D5-7811-40EC-9A8B-6F0889AFB98E}.Debug|Any CPU.ActiveCfg = Debug|Any CPU
		{E892F7D5-7811-40EC-9A8B-6F0889AFB98E}.Debug|Any CPU.Build.0 = Debug|Any CPU
		{E892F7D5-7811-40EC-9A8B-6F0889AFB98E}.Release|Any CPU.ActiveCfg = Release|Any CPU
		{E892F7D5-7811-40EC-9A8B-6F0889AFB98E}.Release|Any CPU.Build.0 = Release|Any CPU
		{3A2602AA-081E-47E2-89E1-610CA6C15367}.Debug|Any CPU.ActiveCfg = Debug|Any CPU
		{3A2602AA-081E-47E2-89E1-610CA6C15367}.Debug|Any CPU.Build.0 = Debug|Any CPU
		{3A2602AA-081E-47E2-89E1-610CA6C15367}.Release|Any CPU.ActiveCfg = Release|Any CPU
		{3A2602AA-081E-47E2-89E1-610CA6C15367}.Release|Any CPU.Build.0 = Release|Any CPU
		{0E0E2311-B5DE-4ED8-9353-29E33BCFF912}.Debug|Any CPU.ActiveCfg = Debug|Any CPU
		{0E0E2311-B5DE-4ED8-9353-29E33BCFF912}.Debug|Any CPU.Build.0 = Debug|Any CPU
		{0E0E2311-B5DE-4ED8-9353-29E33BCFF912}.Release|Any CPU.ActiveCfg = Release|Any CPU
		{0E0E2311-B5DE-4ED8-9353-29E33BCFF912}.Release|Any CPU.Build.0 = Release|Any CPU
		{B86DAEB4-ADFA-4808-8C5C-4354C0D03B6F}.Debug|Any CPU.ActiveCfg = Debug|Any CPU
		{B86DAEB4-ADFA-4808-8C5C-4354C0D03B6F}.Debug|Any CPU.Build.0 = Debug|Any CPU
		{B86DAEB4-ADFA-4808-8C5C-4354C0D03B6F}.Release|Any CPU.ActiveCfg = Release|Any CPU
		{B86DAEB4-ADFA-4808-8C5C-4354C0D03B6F}.Release|Any CPU.Build.0 = Release|Any CPU
		{E10DCE19-23F2-4CB0-89E5-1254144DE690}.Debug|Any CPU.ActiveCfg = Debug|Any CPU
		{E10DCE19-23F2-4CB0-89E5-1254144DE690}.Debug|Any CPU.Build.0 = Debug|Any CPU
		{E10DCE19-23F2-4CB0-89E5-1254144DE690}.Release|Any CPU.ActiveCfg = Release|Any CPU
		{E10DCE19-23F2-4CB0-89E5-1254144DE690}.Release|Any CPU.Build.0 = Release|Any CPU
		{91635CA2-C003-4DB0-8143-B0BF0924DDAB}.Debug|Any CPU.ActiveCfg = Debug|Any CPU
		{91635CA2-C003-4DB0-8143-B0BF0924DDAB}.Debug|Any CPU.Build.0 = Debug|Any CPU
		{91635CA2-C003-4DB0-8143-B0BF0924DDAB}.Release|Any CPU.ActiveCfg = Release|Any CPU
		{91635CA2-C003-4DB0-8143-B0BF0924DDAB}.Release|Any CPU.Build.0 = Release|Any CPU
		{09AA518A-1AA0-4198-9478-893E3DF05855}.Debug|Any CPU.ActiveCfg = Debug|Any CPU
		{09AA518A-1AA0-4198-9478-893E3DF05855}.Debug|Any CPU.Build.0 = Debug|Any CPU
		{09AA518A-1AA0-4198-9478-893E3DF05855}.Release|Any CPU.ActiveCfg = Release|Any CPU
		{09AA518A-1AA0-4198-9478-893E3DF05855}.Release|Any CPU.Build.0 = Release|Any CPU
		{91B7A7E7-A9D4-4BEC-9419-88B356F28C52}.Debug|Any CPU.ActiveCfg = Debug|Any CPU
		{91B7A7E7-A9D4-4BEC-9419-88B356F28C52}.Debug|Any CPU.Build.0 = Debug|Any CPU
		{91B7A7E7-A9D4-4BEC-9419-88B356F28C52}.Release|Any CPU.ActiveCfg = Release|Any CPU
		{91B7A7E7-A9D4-4BEC-9419-88B356F28C52}.Release|Any CPU.Build.0 = Release|Any CPU
		{4D12C66C-1D47-4EDE-A380-75326E12FEBB}.Debug|Any CPU.ActiveCfg = Debug|Any CPU
		{4D12C66C-1D47-4EDE-A380-75326E12FEBB}.Debug|Any CPU.Build.0 = Debug|Any CPU
		{4D12C66C-1D47-4EDE-A380-75326E12FEBB}.Release|Any CPU.ActiveCfg = Release|Any CPU
		{4D12C66C-1D47-4EDE-A380-75326E12FEBB}.Release|Any CPU.Build.0 = Release|Any CPU
		{46834276-33C0-4687-AC41-883F98118246}.Debug|Any CPU.ActiveCfg = Debug|Any CPU
		{46834276-33C0-4687-AC41-883F98118246}.Debug|Any CPU.Build.0 = Debug|Any CPU
		{46834276-33C0-4687-AC41-883F98118246}.Release|Any CPU.ActiveCfg = Release|Any CPU
		{46834276-33C0-4687-AC41-883F98118246}.Release|Any CPU.Build.0 = Release|Any CPU
		{3E733970-E290-4636-B9BC-A28A298DA403}.Debug|Any CPU.ActiveCfg = Debug|Any CPU
		{3E733970-E290-4636-B9BC-A28A298DA403}.Debug|Any CPU.Build.0 = Debug|Any CPU
		{3E733970-E290-4636-B9BC-A28A298DA403}.Release|Any CPU.ActiveCfg = Release|Any CPU
		{3E733970-E290-4636-B9BC-A28A298DA403}.Release|Any CPU.Build.0 = Release|Any CPU
		{3EA16102-CC34-435E-B4C1-8A8F40BB6BDA}.Debug|Any CPU.ActiveCfg = Debug|Any CPU
		{3EA16102-CC34-435E-B4C1-8A8F40BB6BDA}.Debug|Any CPU.Build.0 = Debug|Any CPU
		{3EA16102-CC34-435E-B4C1-8A8F40BB6BDA}.Release|Any CPU.ActiveCfg = Release|Any CPU
		{3EA16102-CC34-435E-B4C1-8A8F40BB6BDA}.Release|Any CPU.Build.0 = Release|Any CPU
		{1FAF4CBC-051E-48BF-886D-2BD0B4433270}.Debug|Any CPU.ActiveCfg = Debug|Any CPU
		{1FAF4CBC-051E-48BF-886D-2BD0B4433270}.Debug|Any CPU.Build.0 = Debug|Any CPU
		{1FAF4CBC-051E-48BF-886D-2BD0B4433270}.Release|Any CPU.ActiveCfg = Release|Any CPU
		{1FAF4CBC-051E-48BF-886D-2BD0B4433270}.Release|Any CPU.Build.0 = Release|Any CPU
		{8DB34788-CD0C-4CDC-9F62-5DC7BCD5987B}.Debug|Any CPU.ActiveCfg = Debug|Any CPU
		{8DB34788-CD0C-4CDC-9F62-5DC7BCD5987B}.Debug|Any CPU.Build.0 = Debug|Any CPU
		{8DB34788-CD0C-4CDC-9F62-5DC7BCD5987B}.Release|Any CPU.ActiveCfg = Release|Any CPU
		{8DB34788-CD0C-4CDC-9F62-5DC7BCD5987B}.Release|Any CPU.Build.0 = Release|Any CPU
		{FA0C1689-C04C-444E-846F-94AC2E748FBC}.Debug|Any CPU.ActiveCfg = Debug|Any CPU
		{FA0C1689-C04C-444E-846F-94AC2E748FBC}.Debug|Any CPU.Build.0 = Debug|Any CPU
		{FA0C1689-C04C-444E-846F-94AC2E748FBC}.Release|Any CPU.ActiveCfg = Release|Any CPU
		{FA0C1689-C04C-444E-846F-94AC2E748FBC}.Release|Any CPU.Build.0 = Release|Any CPU
		{10B8A18F-9D0A-402D-BDE1-F18951220239}.Debug|Any CPU.ActiveCfg = Debug|Any CPU
		{10B8A18F-9D0A-402D-BDE1-F18951220239}.Debug|Any CPU.Build.0 = Debug|Any CPU
		{10B8A18F-9D0A-402D-BDE1-F18951220239}.Release|Any CPU.ActiveCfg = Release|Any CPU
		{10B8A18F-9D0A-402D-BDE1-F18951220239}.Release|Any CPU.Build.0 = Release|Any CPU
		{10CE6E3E-4CC5-4C6B-905A-6691C8949391}.Debug|Any CPU.ActiveCfg = Debug|Any CPU
		{10CE6E3E-4CC5-4C6B-905A-6691C8949391}.Debug|Any CPU.Build.0 = Debug|Any CPU
		{10CE6E3E-4CC5-4C6B-905A-6691C8949391}.Release|Any CPU.ActiveCfg = Release|Any CPU
		{10CE6E3E-4CC5-4C6B-905A-6691C8949391}.Release|Any CPU.Build.0 = Release|Any CPU
		{D107BDEB-B26B-4C33-BC13-112B55BB02B1}.Debug|Any CPU.ActiveCfg = Debug|Any CPU
		{D107BDEB-B26B-4C33-BC13-112B55BB02B1}.Debug|Any CPU.Build.0 = Debug|Any CPU
		{D107BDEB-B26B-4C33-BC13-112B55BB02B1}.Release|Any CPU.ActiveCfg = Release|Any CPU
		{D107BDEB-B26B-4C33-BC13-112B55BB02B1}.Release|Any CPU.Build.0 = Release|Any CPU
		{4EC3003B-BFD8-4321-B8DE-0F11002662C0}.Debug|Any CPU.ActiveCfg = Debug|Any CPU
		{4EC3003B-BFD8-4321-B8DE-0F11002662C0}.Debug|Any CPU.Build.0 = Debug|Any CPU
		{4EC3003B-BFD8-4321-B8DE-0F11002662C0}.Release|Any CPU.ActiveCfg = Release|Any CPU
		{4EC3003B-BFD8-4321-B8DE-0F11002662C0}.Release|Any CPU.Build.0 = Release|Any CPU
		{20C377CD-FB66-4C04-9DAA-54812C63912B}.Debug|Any CPU.ActiveCfg = Debug|Any CPU
		{20C377CD-FB66-4C04-9DAA-54812C63912B}.Debug|Any CPU.Build.0 = Debug|Any CPU
		{20C377CD-FB66-4C04-9DAA-54812C63912B}.Release|Any CPU.ActiveCfg = Release|Any CPU
		{20C377CD-FB66-4C04-9DAA-54812C63912B}.Release|Any CPU.Build.0 = Release|Any CPU
		{E7EF5EAB-28BF-485A-9D2E-9757EDC545F2}.Debug|Any CPU.ActiveCfg = Debug|Any CPU
		{E7EF5EAB-28BF-485A-9D2E-9757EDC545F2}.Debug|Any CPU.Build.0 = Debug|Any CPU
		{E7EF5EAB-28BF-485A-9D2E-9757EDC545F2}.Release|Any CPU.ActiveCfg = Release|Any CPU
		{E7EF5EAB-28BF-485A-9D2E-9757EDC545F2}.Release|Any CPU.Build.0 = Release|Any CPU
		{972E9BE4-83EE-4D0D-B172-673697BCD0CE}.Debug|Any CPU.ActiveCfg = Debug|Any CPU
		{972E9BE4-83EE-4D0D-B172-673697BCD0CE}.Debug|Any CPU.Build.0 = Debug|Any CPU
		{972E9BE4-83EE-4D0D-B172-673697BCD0CE}.Release|Any CPU.ActiveCfg = Release|Any CPU
		{972E9BE4-83EE-4D0D-B172-673697BCD0CE}.Release|Any CPU.Build.0 = Release|Any CPU
		{7015866F-5374-4B0A-8B73-F48CE149F070}.Debug|Any CPU.ActiveCfg = Debug|Any CPU
		{7015866F-5374-4B0A-8B73-F48CE149F070}.Debug|Any CPU.Build.0 = Debug|Any CPU
		{7015866F-5374-4B0A-8B73-F48CE149F070}.Release|Any CPU.ActiveCfg = Release|Any CPU
		{7015866F-5374-4B0A-8B73-F48CE149F070}.Release|Any CPU.Build.0 = Release|Any CPU
		{F06A182F-E632-4476-BA8C-7B47B0E4CDE4}.Debug|Any CPU.ActiveCfg = Debug|Any CPU
		{F06A182F-E632-4476-BA8C-7B47B0E4CDE4}.Debug|Any CPU.Build.0 = Debug|Any CPU
		{F06A182F-E632-4476-BA8C-7B47B0E4CDE4}.Release|Any CPU.ActiveCfg = Release|Any CPU
		{F06A182F-E632-4476-BA8C-7B47B0E4CDE4}.Release|Any CPU.Build.0 = Release|Any CPU
	EndGlobalSection
	GlobalSection(SolutionProperties) = preSolution
		HideSolutionNode = FALSE
	EndGlobalSection
	GlobalSection(ExtensibilityGlobals) = postSolution
		SolutionGuid = {3579098F-F943-43B3-9473-D1D72D32FFC5}
	EndGlobalSection
	GlobalSection(NestedProjects) = preSolution
		{B86DAEB4-ADFA-4808-8C5C-4354C0D03B6F} = {A8122EE6-919B-43EB-842D-D157ACF49736}
		{09AA518A-1AA0-4198-9478-893E3DF05855} = {A8122EE6-919B-43EB-842D-D157ACF49736}
		{0E0E2311-B5DE-4ED8-9353-29E33BCFF912} = {A8122EE6-919B-43EB-842D-D157ACF49736}
		{3E733970-E290-4636-B9BC-A28A298DA403} = {78311EB2-800C-49FB-AFDA-990722D71613}
		{46834276-33C0-4687-AC41-883F98118246} = {A8122EE6-919B-43EB-842D-D157ACF49736}
		{4D12C66C-1D47-4EDE-A380-75326E12FEBB} = {A8122EE6-919B-43EB-842D-D157ACF49736}
		{91635CA2-C003-4DB0-8143-B0BF0924DDAB} = {A8122EE6-919B-43EB-842D-D157ACF49736}
		{E10DCE19-23F2-4CB0-89E5-1254144DE690} = {A8122EE6-919B-43EB-842D-D157ACF49736}
		{3A2602AA-081E-47E2-89E1-610CA6C15367} = {A8122EE6-919B-43EB-842D-D157ACF49736}
		{E892F7D5-7811-40EC-9A8B-6F0889AFB98E} = {A8122EE6-919B-43EB-842D-D157ACF49736}
		{91B7A7E7-A9D4-4BEC-9419-88B356F28C52} = {A8122EE6-919B-43EB-842D-D157ACF49736}
		{3EA16102-CC34-435E-B4C1-8A8F40BB6BDA} = {A08B8B6D-B9DC-414E-A40A-87AB5BC439D1}
		{1FAF4CBC-051E-48BF-886D-2BD0B4433270} = {A08B8B6D-B9DC-414E-A40A-87AB5BC439D1}
		{8DB34788-CD0C-4CDC-9F62-5DC7BCD5987B} = {A08B8B6D-B9DC-414E-A40A-87AB5BC439D1}
		{10B8A18F-9D0A-402D-BDE1-F18951220239} = {4AC51807-EF05-4EBE-8687-02D7E795F9DF}
		{10CE6E3E-4CC5-4C6B-905A-6691C8949391} = {78311EB2-800C-49FB-AFDA-990722D71613}
		{D107BDEB-B26B-4C33-BC13-112B55BB02B1} = {78311EB2-800C-49FB-AFDA-990722D71613}
		{4EC3003B-BFD8-4321-B8DE-0F11002662C0} = {4AC51807-EF05-4EBE-8687-02D7E795F9DF}
		{20C377CD-FB66-4C04-9DAA-54812C63912B} = {A8122EE6-919B-43EB-842D-D157ACF49736}
		{E7EF5EAB-28BF-485A-9D2E-9757EDC545F2} = {78311EB2-800C-49FB-AFDA-990722D71613}
		{972E9BE4-83EE-4D0D-B172-673697BCD0CE} = {78311EB2-800C-49FB-AFDA-990722D71613}
		{7015866F-5374-4B0A-8B73-F48CE149F070} = {A8122EE6-919B-43EB-842D-D157ACF49736}
		{F06A182F-E632-4476-BA8C-7B47B0E4CDE4} = {6ECD2A82-274D-499A-A2B8-AA3E90717BC4}
	EndGlobalSection
EndGlobal
