
Microsoft Visual Studio Solution File, Format Version 12.00
# Visual Studio Version 17
VisualStudioVersion = 17.3.32922.545
MinimumVisualStudioVersion = 10.0.40219.1
Project("{9A19103F-16F7-4668-BE54-9A1E7A4F7556}") = "Graphics", "C:\Users\GoKsTaR\Desktop\Graphics\Graphics.csproj", "{EB256D10-D121-4B11-9CE6-6CEC3AEA0F38}"
EndProject
Project("{9A19103F-16F7-4668-BE54-9A1E7A4F7556}") = "TestGame", "C:\Users\GoKsTaR\Desktop\TestGame\TestGame.csproj", "{2D42CBFB-8646-4E1E-8759-AFC4208CE381}"
EndProject
Project("{9A19103F-16F7-4668-BE54-9A1E7A4F7556}") = "Utilities", "C:\Users\GoKsTaR\Desktop\Utilities\Utilities.csproj", "{98A0B2D0-9A79-4299-9DAF-4955F4894864}"
EndProject
Project("{FAE04EC0-301F-11D3-BF4B-00C04F79EFBC}") = "Tools", "Tools\Tools.csproj", "{AFF7499F-3270-4A99-BA33-C32368CDE7F0}"
EndProject
Global
	GlobalSection(SolutionConfigurationPlatforms) = preSolution
		Debug|Any CPU = Debug|Any CPU
		Release|Any CPU = Release|Any CPU
	EndGlobalSection
	GlobalSection(ProjectConfigurationPlatforms) = postSolution
		{EB256D10-D121-4B11-9CE6-6CEC3AEA0F38}.Debug|Any CPU.ActiveCfg = Debug|Any CPU
		{EB256D10-D121-4B11-9CE6-6CEC3AEA0F38}.Debug|Any CPU.Build.0 = Debug|Any CPU
		{EB256D10-D121-4B11-9CE6-6CEC3AEA0F38}.Release|Any CPU.ActiveCfg = Release|Any CPU
		{EB256D10-D121-4B11-9CE6-6CEC3AEA0F38}.Release|Any CPU.Build.0 = Release|Any CPU
		{2D42CBFB-8646-4E1E-8759-AFC4208CE381}.Debug|Any CPU.ActiveCfg = Debug|Any CPU
		{2D42CBFB-8646-4E1E-8759-AFC4208CE381}.Debug|Any CPU.Build.0 = Debug|Any CPU
		{2D42CBFB-8646-4E1E-8759-AFC4208CE381}.Release|Any CPU.ActiveCfg = Release|Any CPU
		{2D42CBFB-8646-4E1E-8759-AFC4208CE381}.Release|Any CPU.Build.0 = Release|Any CPU
		{98A0B2D0-9A79-4299-9DAF-4955F4894864}.Debug|Any CPU.ActiveCfg = Debug|Any CPU
		{98A0B2D0-9A79-4299-9DAF-4955F4894864}.Debug|Any CPU.Build.0 = Debug|Any CPU
		{98A0B2D0-9A79-4299-9DAF-4955F4894864}.Release|Any CPU.ActiveCfg = Release|Any CPU
		{98A0B2D0-9A79-4299-9DAF-4955F4894864}.Release|Any CPU.Build.0 = Release|Any CPU
		{AFF7499F-3270-4A99-BA33-C32368CDE7F0}.Debug|Any CPU.ActiveCfg = Debug|Any CPU
		{AFF7499F-3270-4A99-BA33-C32368CDE7F0}.Debug|Any CPU.Build.0 = Debug|Any CPU
		{AFF7499F-3270-4A99-BA33-C32368CDE7F0}.Release|Any CPU.ActiveCfg = Release|Any CPU
		{AFF7499F-3270-4A99-BA33-C32368CDE7F0}.Release|Any CPU.Build.0 = Release|Any CPU
	EndGlobalSection
	GlobalSection(SolutionProperties) = preSolution
		HideSolutionNode = FALSE
	EndGlobalSection
	GlobalSection(ExtensibilityGlobals) = postSolution
		SolutionGuid = {3579098F-F943-43B3-9473-D1D72D32FFC5}
	EndGlobalSection
EndGlobal
